
Microsoft Visual Studio Solution File, Format Version 12.00
# Visual Studio Version 17
VisualStudioVersion = 17.0.31903.59
MinimumVisualStudioVersion = 10.0.40219.1
Project("{2150E333-8FDC-42A3-9474-1A3956D46DE8}") = "src", "src", "{827E0CD3-B72D-47B6-A68D-7590B98EB39B}"
EndProject
Project("{FAE04EC0-301F-11D3-BF4B-00C04F79EFBC}") = "ConwayGame.Core", "src\ConwayGame.Core\ConwayGame.Core.csproj", "{04FFD6DC-0749-4FC0-AB09-81ADE3A262EE}"
EndProject
Project("{FAE04EC0-301F-11D3-BF4B-00C04F79EFBC}") = "ConwayGame.Desktop", "src\ConwayGame.Desktop\ConwayGame.Desktop.csproj", "{624A9916-0509-423C-B425-A68BF8EBCA6E}"
EndProject
Project("{FAE04EC0-301F-11D3-BF4B-00C04F79EFBC}") = "ConwayGame.Web", "src\ConwayGame.Web\ConwayGame.Web.csproj", "{BA59570D-7C1B-44AA-BF15-CD958FA4C979}"
EndProject
Global
	GlobalSection(SolutionConfigurationPlatforms) = preSolution
		Debug|Any CPU = Debug|Any CPU
		Debug|x64 = Debug|x64
		Debug|x86 = Debug|x86
		Release|Any CPU = Release|Any CPU
		Release|x64 = Release|x64
		Release|x86 = Release|x86
	EndGlobalSection
	GlobalSection(ProjectConfigurationPlatforms) = postSolution
		{04FFD6DC-0749-4FC0-AB09-81ADE3A262EE}.Debug|Any CPU.ActiveCfg = Debug|Any CPU
		{04FFD6DC-0749-4FC0-AB09-81ADE3A262EE}.Debug|Any CPU.Build.0 = Debug|Any CPU
		{04FFD6DC-0749-4FC0-AB09-81ADE3A262EE}.Debug|x64.ActiveCfg = Debug|Any CPU
		{04FFD6DC-0749-4FC0-AB09-81ADE3A262EE}.Debug|x64.Build.0 = Debug|Any CPU
		{04FFD6DC-0749-4FC0-AB09-81ADE3A262EE}.Debug|x86.ActiveCfg = Debug|Any CPU
		{04FFD6DC-0749-4FC0-AB09-81ADE3A262EE}.Debug|x86.Build.0 = Debug|Any CPU
		{04FFD6DC-0749-4FC0-AB09-81ADE3A262EE}.Release|Any CPU.ActiveCfg = Release|Any CPU
		{04FFD6DC-0749-4FC0-AB09-81ADE3A262EE}.Release|Any CPU.Build.0 = Release|Any CPU
		{04FFD6DC-0749-4FC0-AB09-81ADE3A262EE}.Release|x64.ActiveCfg = Release|Any CPU
		{04FFD6DC-0749-4FC0-AB09-81ADE3A262EE}.Release|x64.Build.0 = Release|Any CPU
		{04FFD6DC-0749-4FC0-AB09-81ADE3A262EE}.Release|x86.ActiveCfg = Release|Any CPU
		{04FFD6DC-0749-4FC0-AB09-81ADE3A262EE}.Release|x86.Build.0 = Release|Any CPU
		{624A9916-0509-423C-B425-A68BF8EBCA6E}.Debug|Any CPU.ActiveCfg = Debug|Any CPU
		{624A9916-0509-423C-B425-A68BF8EBCA6E}.Debug|Any CPU.Build.0 = Debug|Any CPU
		{624A9916-0509-423C-B425-A68BF8EBCA6E}.Debug|x64.ActiveCfg = Debug|Any CPU
		{624A9916-0509-423C-B425-A68BF8EBCA6E}.Debug|x64.Build.0 = Debug|Any CPU
		{624A9916-0509-423C-B425-A68BF8EBCA6E}.Debug|x86.ActiveCfg = Debug|Any CPU
		{624A9916-0509-423C-B425-A68BF8EBCA6E}.Debug|x86.Build.0 = Debug|Any CPU
		{624A9916-0509-423C-B425-A68BF8EBCA6E}.Release|Any CPU.ActiveCfg = Release|Any CPU
		{624A9916-0509-423C-B425-A68BF8EBCA6E}.Release|Any CPU.Build.0 = Release|Any CPU
		{624A9916-0509-423C-B425-A68BF8EBCA6E}.Release|x64.ActiveCfg = Release|Any CPU
		{624A9916-0509-423C-B425-A68BF8EBCA6E}.Release|x64.Build.0 = Release|Any CPU
		{624A9916-0509-423C-B425-A68BF8EBCA6E}.Release|x86.ActiveCfg = Release|Any CPU
		{624A9916-0509-423C-B425-A68BF8EBCA6E}.Release|x86.Build.0 = Release|Any CPU
		{BA59570D-7C1B-44AA-BF15-CD958FA4C979}.Debug|Any CPU.ActiveCfg = Debug|Any CPU
		{BA59570D-7C1B-44AA-BF15-CD958FA4C979}.Debug|Any CPU.Build.0 = Debug|Any CPU
		{BA59570D-7C1B-44AA-BF15-CD958FA4C979}.Debug|x64.ActiveCfg = Debug|Any CPU
		{BA59570D-7C1B-44AA-BF15-CD958FA4C979}.Debug|x64.Build.0 = Debug|Any CPU
		{BA59570D-7C1B-44AA-BF15-CD958FA4C979}.Debug|x86.ActiveCfg = Debug|Any CPU
		{BA59570D-7C1B-44AA-BF15-CD958FA4C979}.Debug|x86.Build.0 = Debug|Any CPU
		{BA59570D-7C1B-44AA-BF15-CD958FA4C979}.Release|Any CPU.ActiveCfg = Release|Any CPU
		{BA59570D-7C1B-44AA-BF15-CD958FA4C979}.Release|Any CPU.Build.0 = Release|Any CPU
		{BA59570D-7C1B-44AA-BF15-CD958FA4C979}.Release|x64.ActiveCfg = Release|Any CPU
		{BA59570D-7C1B-44AA-BF15-CD958FA4C979}.Release|x64.Build.0 = Release|Any CPU
		{BA59570D-7C1B-44AA-BF15-CD958FA4C979}.Release|x86.ActiveCfg = Release|Any CPU
		{BA59570D-7C1B-44AA-BF15-CD958FA4C979}.Release|x86.Build.0 = Release|Any CPU
	EndGlobalSection
	GlobalSection(SolutionProperties) = preSolution
		HideSolutionNode = FALSE
	EndGlobalSection
	GlobalSection(NestedProjects) = preSolution
		{04FFD6DC-0749-4FC0-AB09-81ADE3A262EE} = {827E0CD3-B72D-47B6-A68D-7590B98EB39B}
		{624A9916-0509-423C-B425-A68BF8EBCA6E} = {827E0CD3-B72D-47B6-A68D-7590B98EB39B}
		{BA59570D-7C1B-44AA-BF15-CD958FA4C979} = {827E0CD3-B72D-47B6-A68D-7590B98EB39B}
	EndGlobalSection
EndGlobal
